{
  "version": 4,
  "terraform_version": "1.12.1",
  "serial": 3,
  "lineage": "990057a1-778b-ee2d-2891-8ffb1be1c41d",
  "outputs": {
    "container_name": {
      "value": "tfstate",
      "type": "string"
    },
    "resource_group_name": {
      "value": "duan0027-githubactions-rg",
      "type": "string"
    },
    "storage_account_name": {
      "value": "duan0027githubactions25",
      "type": "string"
    }
  },
  "resources": [
    {
      "mode": "managed",
      "type": "azurerm_resource_group",
      "name": "rg",
      "provider": "provider[\"registry.terraform.io/hashicorp/azurerm\"]",
      "instances": [
        {
          "schema_version": 0,
          "attributes": {
            "id": "/subscriptions/127e7a44-d802-42e4-b654-a434382666ac/resourceGroups/duan0027-githubactions-rg",
            "location": "canadacentral",
            "managed_by": "",
            "name": "duan0027-githubactions-rg",
            "tags": {},
            "timeouts": null
          },
          "sensitive_attributes": [],
          "identity_schema_version": 0,
          "private": "eyJlMmJmYjczMC1lY2FhLTExZTYtOGY4OC0zNDM2M2JjN2M0YzAiOnsiY3JlYXRlIjo1NDAwMDAwMDAwMDAwLCJkZWxldGUiOjU0MDAwMDAwMDAwMDAsInJlYWQiOjMwMDAwMDAwMDAwMCwidXBkYXRlIjo1NDAwMDAwMDAwMDAwfX0="
        }
      ]
    }
  ],
  "check_results": null
}
