{
  "version": 4,
  "terraform_version": "1.12.1",
  "serial": 19,
  "lineage": "b9b6d10d-17c0-8e9f-3d24-de87fed0dc6d",
  "outputs": {
    "container_name": {
      "value": "tfstate",
      "type": "string"
    },
    "resource_group_name": {
      "value": "duan0027-githubactions-rg",
      "type": "string"
    },
    "storage_account_name": {
      "value": "duan0027githubactions",
      "type": "string"
    }
  },
  "resources": [
    {
      "mode": "managed",
      "type": "azurerm_resource_group",
      "name": "rg",
      "provider": "provider[\"registry.terraform.io/hashicorp/azurerm\"]",
      "instances": [
        {
          "schema_version": 0,
          "attributes": {
            "id": "/subscriptions/286a69d3-dc09-45e3-b4a1-1b7dc9a02f90/resourceGroups/duan0027-githubactions-rg",
            "location": "canadacentral",
            "managed_by": "",
            "name": "duan0027-githubactions-rg",
            "tags": null,
            "timeouts": null
          },
          "sensitive_attributes": [],
          "identity_schema_version": 0,
          "private": "eyJlMmJmYjczMC1lY2FhLTExZTYtOGY4OC0zNDM2M2JjN2M0YzAiOnsiY3JlYXRlIjo1NDAwMDAwMDAwMDAwLCJkZWxldGUiOjU0MDAwMDAwMDAwMDAsInJlYWQiOjMwMDAwMDAwMDAwMCwidXBkYXRlIjo1NDAwMDAwMDAwMDAwfX0="
        }
      ]
    }
  ],
  "check_results": null
}
